
Microsoft Visual Studio Solution File, Format Version 12.00
# Visual Studio Version 17
VisualStudioVersion = 17.4.33122.133
MinimumVisualStudioVersion = 10.0.40219.1
Project("{FAE04EC0-301F-11D3-BF4B-00C04F79EFBC}") = "NbaMatchPredictor", "NbaMatchPredictor\NbaMatchPredictor.csproj", "{B2DF1D24-D83F-427E-9EB0-5B4823D102DE}"
EndProject
Global
	GlobalSection(SolutionConfigurationPlatforms) = preSolution
		Debug|Any CPU = Debug|Any CPU
		Release|Any CPU = Release|Any CPU
	EndGlobalSection
	GlobalSection(ProjectConfigurationPlatforms) = postSolution
		{B2DF1D24-D83F-427E-9EB0-5B4823D102DE}.Debug|Any CPU.ActiveCfg = Debug|Any CPU
		{B2DF1D24-D83F-427E-9EB0-5B4823D102DE}.Debug|Any CPU.Build.0 = Debug|Any CPU
		{B2DF1D24-D83F-427E-9EB0-5B4823D102DE}.Release|Any CPU.ActiveCfg = Release|Any CPU
		{B2DF1D24-D83F-427E-9EB0-5B4823D102DE}.Release|Any CPU.Build.0 = Release|Any CPU
	EndGlobalSection
	GlobalSection(SolutionProperties) = preSolution
		HideSolutionNode = FALSE
	EndGlobalSection
	GlobalSection(ExtensibilityGlobals) = postSolution
		SolutionGuid = {CE85C850-C69C-4BC8-96A0-67658B6E0A70}
	EndGlobalSection
EndGlobal
